Microsoft Visual Studio Solution File, Format Version 12.00
# Visual Studio Version 17
VisualStudioVersion = 17.5.2.0
MinimumVisualStudioVersion = 10.0.40219.1
Project("{FAE04EC0-301F-11D3-BF4B-00C04F79EFBC}") = "stateful-set-bug-repro", "stateful-set-bug-repro.csproj", "{7A629ED8-0656-A487-B46C-0724CF3502D0}"
EndProject
Global
	GlobalSection(SolutionConfigurationPlatforms) = preSolution
		Debug|Any CPU = Debug|Any CPU
		Release|Any CPU = Release|Any CPU
	EndGlobalSection
	GlobalSection(ProjectConfigurationPlatforms) = postSolution
		{7A629ED8-0656-A487-B46C-0724CF3502D0}.Debug|Any CPU.ActiveCfg = Debug|Any CPU
		{7A629ED8-0656-A487-B46C-0724CF3502D0}.Debug|Any CPU.Build.0 = Debug|Any CPU
		{7A629ED8-0656-A487-B46C-0724CF3502D0}.Release|Any CPU.ActiveCfg = Release|Any CPU
		{7A629ED8-0656-A487-B46C-0724CF3502D0}.Release|Any CPU.Build.0 = Release|Any CPU
	EndGlobalSection
	GlobalSection(SolutionProperties) = preSolution
		HideSolutionNode = FALSE
	EndGlobalSection
	GlobalSection(ExtensibilityGlobals) = postSolution
		SolutionGuid = {C9456FC9-6E22-4661-A9DE-C5CACF400166}
	EndGlobalSection
EndGlobal
